
Microsoft Visual Studio Solution File, Format Version 12.00
# Visual Studio Version 16
VisualStudioVersion = 16.0.29009.5
MinimumVisualStudioVersion = 10.0.40219.1
Project("{9A19103F-16F7-4668-BE54-9A1E7A4F7556}") = "Arborate.Runtime", "ArborateVirtualMachine\Arborate.Runtime.csproj", "{8CA26B24-2BC3-4451-BF69-C87800FE093C}"
EndProject
Project("{9A19103F-16F7-4668-BE54-9A1E7A4F7556}") = "Arborate.Runtime.Test", "ArborateVirtualMachine.Test\Arborate.Runtime.Test.csproj", "{626DEEB7-56B3-4EF7-B9EE-795649851541}"
EndProject
Global
	GlobalSection(SolutionConfigurationPlatforms) = preSolution
		Debug|Any CPU = Debug|Any CPU
		Release|Any CPU = Release|Any CPU
	EndGlobalSection
	GlobalSection(ProjectConfigurationPlatforms) = postSolution
		{8CA26B24-2BC3-4451-BF69-C87800FE093C}.Debug|Any CPU.ActiveCfg = Debug|Any CPU
		{8CA26B24-2BC3-4451-BF69-C87800FE093C}.Debug|Any CPU.Build.0 = Debug|Any CPU
		{8CA26B24-2BC3-4451-BF69-C87800FE093C}.Release|Any CPU.ActiveCfg = Release|Any CPU
		{8CA26B24-2BC3-4451-BF69-C87800FE093C}.Release|Any CPU.Build.0 = Release|Any CPU
		{626DEEB7-56B3-4EF7-B9EE-795649851541}.Debug|Any CPU.ActiveCfg = Debug|Any CPU
		{626DEEB7-56B3-4EF7-B9EE-795649851541}.Debug|Any CPU.Build.0 = Debug|Any CPU
		{626DEEB7-56B3-4EF7-B9EE-795649851541}.Release|Any CPU.ActiveCfg = Release|Any CPU
		{626DEEB7-56B3-4EF7-B9EE-795649851541}.Release|Any CPU.Build.0 = Release|Any CPU
	EndGlobalSection
	GlobalSection(SolutionProperties) = preSolution
		HideSolutionNode = FALSE
	EndGlobalSection
	GlobalSection(ExtensibilityGlobals) = postSolution
		SolutionGuid = {C08CD404-2986-44DF-A122-A2733D3E28B6}
	EndGlobalSection
EndGlobal
